Microsoft Visual Studio Solution File, Format Version 12.00
# Visual Studio Version 17
VisualStudioVersion = 17.13.35919.96
MinimumVisualStudioVersion = 10.0.40219.1
Project("{FAE04EC0-301F-11D3-BF4B-00C04F79EFBC}") = "AuthandProductCRUD", "AuthandProductCRUD\AuthandProductCRUD.csproj", "{904163BD-39BB-497E-9976-787DA3D49351}"
EndProject
Global
	GlobalSection(SolutionConfigurationPlatforms) = preSolution
		Debug|Any CPU = Debug|Any CPU
		Release|Any CPU = Release|Any CPU
	EndGlobalSection
	GlobalSection(ProjectConfigurationPlatforms) = postSolution
		{904163BD-39BB-497E-9976-787DA3D49351}.Debug|Any CPU.ActiveCfg = Debug|Any CPU
		{904163BD-39BB-497E-9976-787DA3D49351}.Debug|Any CPU.Build.0 = Debug|Any CPU
		{904163BD-39BB-497E-9976-787DA3D49351}.Release|Any CPU.ActiveCfg = Release|Any CPU
		{904163BD-39BB-497E-9976-787DA3D49351}.Release|Any CPU.Build.0 = Release|Any CPU
	EndGlobalSection
	GlobalSection(SolutionProperties) = preSolution
		HideSolutionNode = FALSE
	EndGlobalSection
	GlobalSection(ExtensibilityGlobals) = postSolution
		SolutionGuid = {09788D89-98B7-4A61-9198-5F4926C9F473}
	EndGlobalSection
EndGlobal
